# THIS IS AN AUTOGENERATED FILE. DO NOT EDIT THIS FILE DIRECTLY.
# yarn lockfile v1


"@babel/runtime@^7.17.8", "@babel/runtime@^7.26.0":
  version "7.28.6"
  resolved "https://registry.yarnpkg.com/@babel/runtime/-/runtime-7.28.6.tgz#d267a43cb1836dc4d182cce93ae75ba954ef6d2b"
  integrity sha512-05WQkdpL9COIMz4LjTxGpPNCdlpyimKppYNoJ5Di5EUObifl8t4tuLuUBBZEpoLYOmfvIWrsp9fCl0HoPRVTdA==

"@dimforge/rapier3d-compat@~0.12.0":
  version "0.12.0"
  resolved "https://registry.yarnpkg.com/@dimforge/rapier3d-compat/-/rapier3d-compat-0.12.0.tgz#7b3365e1dfdc5cd957b45afe920b4ac06c7cd389"
  integrity sha512-uekIGetywIgopfD97oDL5PfeezkFpNhwlzlaEYNOA0N6ghdsOvh/HYjSMek5Q2O1PYvRSDFcqFVJl4r4ZBwOow==

"@emnapi/runtime@^1.7.0":
  version "1.8.1"
  resolved "https://registry.yarnpkg.com/@emnapi/runtime/-/runtime-1.8.1.tgz#550fa7e3c0d49c5fb175a116e8cd70614f9a22a5"
  integrity sha512-mehfKSMWjjNol8659Z8KxEMrdSJDDot5SXMq00dM8BN4o+CLNXQ0xH2V7EchNHV4RmbZLmmPdEaXZc5H2FXmDg==
  dependencies:
    tslib "^2.4.0"

"@img/colour@^1.0.0":
  version "1.1.0"
  resolved "https://registry.yarnpkg.com/@img/colour/-/colour-1.1.0.tgz#b0c2c2fa661adf75effd6b4964497cd80010bb9d"
  integrity sha512-Td76q7j57o/tLVdgS746cYARfSyxk8iEfRxewL9h4OMzYhbW4TAcppl0mT4eyqXddh6L/jwoM75mo7ixa/pCeQ==

"@img/sharp-darwin-arm64@0.34.5":
  version "0.34.5"
  resolved "https://registry.yarnpkg.com/@img/sharp-darwin-arm64/-/sharp-darwin-arm64-0.34.5.tgz#6e0732dcade126b6670af7aa17060b926835ea86"
  integrity sha512-imtQ3WMJXbMY4fxb/Ndp6HBTNVtWCUI0WdobyheGf5+ad6xX8VIDO8u2xE4qc/fr08CKG/7dDseFtn6M6g/r3w==
  optionalDependencies:
    "@img/sharp-libvips-darwin-arm64" "1.2.4"

"@img/sharp-darwin-x64@0.34.5":
  version "0.34.5"
  resolved "https://registry.yarnpkg.com/@img/sharp-darwin-x64/-/sharp-darwin-x64-0.34.5.tgz#19bc1dd6eba6d5a96283498b9c9f401180ee9c7b"
  integrity sha512-YNEFAF/4KQ/PeW0N+r+aVVsoIY0/qxxikF2SWdp+NRkmMB7y9LBZAVqQ4yhGCm/H3H270OSykqmQMKLBhBJDEw==
  optionalDependencies:
    "@img/sharp-libvips-darwin-x64" "1.2.4"

"@img/sharp-libvips-darwin-arm64@1.2.4":
  version "1.2.4"
  resolved "https://registry.yarnpkg.com/@img/sharp-libvips-darwin-arm64/-/sharp-libvips-darwin-arm64-1.2.4.tgz#2894c0cb87d42276c3889942e8e2db517a492c43"
  integrity sha512-zqjjo7RatFfFoP0MkQ51jfuFZBnVE2pRiaydKJ1G/rHZvnsrHAOcQALIi9sA5co5xenQdTugCvtb1cuf78Vf4g==

"@img/sharp-libvips-darwin-x64@1.2.4":
  version "1.2.4"
  resolved "https://registry.yarnpkg.com/@img/sharp-libvips-darwin-x64/-/sharp-libvips-darwin-x64-1.2.4.tgz#e63681f4539a94af9cd17246ed8881734386f8cc"
  integrity sha512-1IOd5xfVhlGwX+zXv2N93k0yMONvUlANylbJw1eTah8K/Jtpi15KC+WSiaX/nBmbm2HxRM1gZ0nSdjSsrZbGKg==

"@img/sharp-libvips-linux-arm64@1.2.4":
  version "1.2.4"
  resolved "https://registry.yarnpkg.com/@img/sharp-libvips-linux-arm64/-/sharp-libvips-linux-arm64-1.2.4.tgz#b1b288b36864b3bce545ad91fa6dadcf1a4ad318"
  integrity sha512-excjX8DfsIcJ10x1Kzr4RcWe1edC9PquDRRPx3YVCvQv+U5p7Yin2s32ftzikXojb1PIFc/9Mt28/y+iRklkrw==

"@img/sharp-libvips-linux-arm@1.2.4":
  version "1.2.4"
  resolved "https://registry.yarnpkg.com/@img/sharp-libvips-linux-arm/-/sharp-libvips-linux-arm-1.2.4.tgz#b9260dd1ebe6f9e3bdbcbdcac9d2ac125f35852d"
  integrity sha512-bFI7xcKFELdiNCVov8e44Ia4u2byA+l3XtsAj+Q8tfCwO6BQ8iDojYdvoPMqsKDkuoOo+X6HZA0s0q11ANMQ8A==

"@img/sharp-libvips-linux-ppc64@1.2.4":
  version "1.2.4"
  resolved "https://registry.yarnpkg.com/@img/sharp-libvips-linux-ppc64/-/sharp-libvips-linux-ppc64-1.2.4.tgz#4b83ecf2a829057222b38848c7b022e7b4d07aa7"
  integrity sha512-FMuvGijLDYG6lW+b/UvyilUWu5Ayu+3r2d1S8notiGCIyYU/76eig1UfMmkZ7vwgOrzKzlQbFSuQfgm7GYUPpA==

"@img/sharp-libvips-linux-riscv64@1.2.4":
  version "1.2.4"
  resolved "https://registry.yarnpkg.com/@img/sharp-libvips-linux-riscv64/-/sharp-libvips-linux-riscv64-1.2.4.tgz#880b4678009e5a2080af192332b00b0aaf8a48de"
  integrity sha512-oVDbcR4zUC0ce82teubSm+x6ETixtKZBh/qbREIOcI3cULzDyb18Sr/Wcyx7NRQeQzOiHTNbZFF1UwPS2scyGA==

"@img/sharp-libvips-linux-s390x@1.2.4":
  version "1.2.4"
  resolved "https://registry.yarnpkg.com/@img/sharp-libvips-linux-s390x/-/sharp-libvips-linux-s390x-1.2.4.tgz#74f343c8e10fad821b38f75ced30488939dc59ec"
  integrity sha512-qmp9VrzgPgMoGZyPvrQHqk02uyjA0/QrTO26Tqk6l4ZV0MPWIW6LTkqOIov+J1yEu7MbFQaDpwdwJKhbJvuRxQ==

"@img/sharp-libvips-linux-x64@1.2.4":
  version "1.2.4"
  resolved "https://registry.yarnpkg.com/@img/sharp-libvips-linux-x64/-/sharp-libvips-linux-x64-1.2.4.tgz#df4183e8bd8410f7d61b66859a35edeab0a531ce"
  integrity sha512-tJxiiLsmHc9Ax1bz3oaOYBURTXGIRDODBqhveVHonrHJ9/+k89qbLl0bcJns+e4t4rvaNBxaEZsFtSfAdquPrw==

"@img/sharp-libvips-linuxmusl-arm64@1.2.4":
  version "1.2.4"
  resolved "https://registry.yarnpkg.com/@img/sharp-libvips-linuxmusl-arm64/-/sharp-libvips-linuxmusl-arm64-1.2.4.tgz#c8d6b48211df67137541007ee8d1b7b1f8ca8e06"
  integrity sha512-FVQHuwx1IIuNow9QAbYUzJ+En8KcVm9Lk5+uGUQJHaZmMECZmOlix9HnH7n1TRkXMS0pGxIJokIVB9SuqZGGXw==

"@img/sharp-libvips-linuxmusl-x64@1.2.4":
  version "1.2.4"
  resolved "https://registry.yarnpkg.com/@img/sharp-libvips-linuxmusl-x64/-/sharp-libvips-linuxmusl-x64-1.2.4.tgz#be11c75bee5b080cbee31a153a8779448f919f75"
  integrity sha512-+LpyBk7L44ZIXwz/VYfglaX/okxezESc6UxDSoyo2Ks6Jxc4Y7sGjpgU9s4PMgqgjj1gZCylTieNamqA1MF7Dg==

"@img/sharp-linux-arm64@0.34.5":
  version "0.34.5"
  resolved "https://registry.yarnpkg.com/@img/sharp-linux-arm64/-/sharp-linux-arm64-0.34.5.tgz#7aa7764ef9c001f15e610546d42fce56911790cc"
  integrity sha512-bKQzaJRY/bkPOXyKx5EVup7qkaojECG6NLYswgktOZjaXecSAeCWiZwwiFf3/Y+O1HrauiE3FVsGxFg8c24rZg==
  optionalDependencies:
    "@img/sharp-libvips-linux-arm64" "1.2.4"

"@img/sharp-linux-arm@0.34.5":
  version "0.34.5"
  resolved "https://registry.yarnpkg.com/@img/sharp-linux-arm/-/sharp-linux-arm-0.34.5.tgz#5fb0c3695dd12522d39c3ff7a6bc816461780a0d"
  integrity sha512-9dLqsvwtg1uuXBGZKsxem9595+ujv0sJ6Vi8wcTANSFpwV/GONat5eCkzQo/1O6zRIkh0m/8+5BjrRr7jDUSZw==
  optionalDependencies:
    "@img/sharp-libvips-linux-arm" "1.2.4"

"@img/sharp-linux-ppc64@0.34.5":
  version "0.34.5"
  resolved "https://registry.yarnpkg.com/@img/sharp-linux-ppc64/-/sharp-linux-ppc64-0.34.5.tgz#9c213a81520a20caf66978f3d4c07456ff2e0813"
  integrity sha512-7zznwNaqW6YtsfrGGDA6BRkISKAAE1Jo0QdpNYXNMHu2+0dTrPflTLNkpc8l7MUP5M16ZJcUvysVWWrMefZquA==
  optionalDependencies:
    "@img/sharp-libvips-linux-ppc64" "1.2.4"

"@img/sharp-linux-riscv64@0.34.5":
  version "0.34.5"
  resolved "https://registry.yarnpkg.com/@img/sharp-linux-riscv64/-/sharp-linux-riscv64-0.34.5.tgz#cdd28182774eadbe04f62675a16aabbccb833f60"
  integrity sha512-51gJuLPTKa7piYPaVs8GmByo7/U7/7TZOq+cnXJIHZKavIRHAP77e3N2HEl3dgiqdD/w0yUfiJnII77PuDDFdw==
  optionalDependencies:
    "@img/sharp-libvips-linux-riscv64" "1.2.4"

"@img/sharp-linux-s390x@0.34.5":
  version "0.34.5"
  resolved "https://registry.yarnpkg.com/@img/sharp-linux-s390x/-/sharp-linux-s390x-0.34.5.tgz#93eac601b9f329bb27917e0e19098c722d630df7"
  integrity sha512-nQtCk0PdKfho3eC5MrbQoigJ2gd1CgddUMkabUj+rBevs8tZ2cULOx46E7oyX+04WGfABgIwmMC0VqieTiR4jg==
  optionalDependencies:
    "@img/sharp-libvips-linux-s390x" "1.2.4"

"@img/sharp-linux-x64@0.34.5":
  version "0.34.5"
  resolved "https://registry.yarnpkg.com/@img/sharp-linux-x64/-/sharp-linux-x64-0.34.5.tgz#55abc7cd754ffca5002b6c2b719abdfc846819a8"
  integrity sha512-MEzd8HPKxVxVenwAa+JRPwEC7QFjoPWuS5NZnBt6B3pu7EG2Ge0id1oLHZpPJdn3OQK+BQDiw9zStiHBTJQQQQ==
  optionalDependencies:
    "@img/sharp-libvips-linux-x64" "1.2.4"

"@img/sharp-linuxmusl-arm64@0.34.5":
  version "0.34.5"
  resolved "https://registry.yarnpkg.com/@img/sharp-linuxmusl-arm64/-/sharp-linuxmusl-arm64-0.34.5.tgz#d6515ee971bb62f73001a4829b9d865a11b77086"
  integrity sha512-fprJR6GtRsMt6Kyfq44IsChVZeGN97gTD331weR1ex1c1rypDEABN6Tm2xa1wE6lYb5DdEnk03NZPqA7Id21yg==
  optionalDependencies:
    "@img/sharp-libvips-linuxmusl-arm64" "1.2.4"

"@img/sharp-linuxmusl-x64@0.34.5":
  version "0.34.5"
  resolved "https://registry.yarnpkg.com/@img/sharp-linuxmusl-x64/-/sharp-linuxmusl-x64-0.34.5.tgz#d97978aec7c5212f999714f2f5b736457e12ee9f"
  integrity sha512-Jg8wNT1MUzIvhBFxViqrEhWDGzqymo3sV7z7ZsaWbZNDLXRJZoRGrjulp60YYtV4wfY8VIKcWidjojlLcWrd8Q==
  optionalDependencies:
    "@img/sharp-libvips-linuxmusl-x64" "1.2.4"

"@img/sharp-wasm32@0.34.5":
  version "0.34.5"
  resolved "https://registry.yarnpkg.com/@img/sharp-wasm32/-/sharp-wasm32-0.34.5.tgz#2f15803aa626f8c59dd7c9d0bbc766f1ab52cfa0"
  integrity sha512-OdWTEiVkY2PHwqkbBI8frFxQQFekHaSSkUIJkwzclWZe64O1X4UlUjqqqLaPbUpMOQk6FBu/HtlGXNblIs0huw==
  dependencies:
    "@emnapi/runtime" "^1.7.0"

"@img/sharp-win32-arm64@0.34.5":
  version "0.34.5"
  resolved "https://registry.yarnpkg.com/@img/sharp-win32-arm64/-/sharp-win32-arm64-0.34.5.tgz#3706e9e3ac35fddfc1c87f94e849f1b75307ce0a"
  integrity sha512-WQ3AgWCWYSb2yt+IG8mnC6Jdk9Whs7O0gxphblsLvdhSpSTtmu69ZG1Gkb6NuvxsNACwiPV6cNSZNzt0KPsw7g==

"@img/sharp-win32-ia32@0.34.5":
  version "0.34.5"
  resolved "https://registry.yarnpkg.com/@img/sharp-win32-ia32/-/sharp-win32-ia32-0.34.5.tgz#0b71166599b049e032f085fb9263e02f4e4788de"
  integrity sha512-FV9m/7NmeCmSHDD5j4+4pNI8Cp3aW+JvLoXcTUo0IqyjSfAZJ8dIUmijx1qaJsIiU+Hosw6xM5KijAWRJCSgNg==

"@img/sharp-win32-x64@0.34.5":
  version "0.34.5"
  resolved "https://registry.yarnpkg.com/@img/sharp-win32-x64/-/sharp-win32-x64-0.34.5.tgz#a81ffb00e69267cd0a1d626eaedb8a8430b2b2f8"
  integrity sha512-+29YMsqY2/9eFEiW93eqWnuLcWcufowXewwSNIT6UwZdUUCrM3oFjMWH/Z6/TMmb4hlFenmfAVbpWeup2jryCw==

"@mediapipe/tasks-vision@0.10.17":
  version "0.10.17"
  resolved "https://registry.yarnpkg.com/@mediapipe/tasks-vision/-/tasks-vision-0.10.17.tgz#2c1c73ed81902b21d37336a587b96183bb6882d5"
  integrity sha512-CZWV/q6TTe8ta61cZXjfnnHsfWIdFhms03M9T7Cnd5y2mdpylJM0rF1qRq+wsQVRMLz1OYPVEBU9ph2Bx8cxrg==

"@monogrid/gainmap-js@^3.0.6":
  version "3.4.0"
  resolved "https://registry.yarnpkg.com/@monogrid/gainmap-js/-/gainmap-js-3.4.0.tgz#9788a92d34530d3da274fef8d3445d008c640c48"
  integrity sha512-2Z0FATFHaoYJ8b+Y4y4Hgfn3FRFwuU5zRrk+9dFWp4uGAdHGqVEdP7HP+gLA3X469KXHmfupJaUbKo1b/aDKIg==
  dependencies:
    promise-worker-transferable "^1.0.4"

"@next/env@15.5.12":
  version "15.5.12"
  resolved "https://registry.yarnpkg.com/@next/env/-/env-15.5.12.tgz#e8f5be3b951ea964050e95ed9a45009d49f0f831"
  integrity sha512-pUvdJN1on574wQHjaBfNGDt9Mz5utDSZFsIIQkMzPgNS8ZvT4H2mwOrOIClwsQOb6EGx5M76/CZr6G8i6pSpLg==

"@next/swc-darwin-arm64@15.5.12":
  version "15.5.12"
  resolved "https://registry.yarnpkg.com/@next/swc-darwin-arm64/-/swc-darwin-arm64-15.5.12.tgz#4989deb3ddb408ec8c1a46a7c24608e01fd16029"
  integrity sha512-RnRjBtH8S8eXCpUNkQ+543DUc7ys8y15VxmFU9HRqlo9BG3CcBUiwNtF8SNoi2xvGCVJq1vl2yYq+3oISBS0Zg==

"@next/swc-darwin-x64@15.5.12":
  version "15.5.12"
  resolved "https://registry.yarnpkg.com/@next/swc-darwin-x64/-/swc-darwin-x64-15.5.12.tgz#de954324e7aefb13e82aa6b34695fd89d052b7cb"
  integrity sha512-nqa9/7iQlboF1EFtNhWxQA0rQstmYRSBGxSM6g3GxvxHxcoeqVXfGNr9stJOme674m2V7r4E3+jEhhGvSQhJRA==

"@next/swc-linux-arm64-gnu@15.5.12":
  version "15.5.12"
  resolved "https://registry.yarnpkg.com/@next/swc-linux-arm64-gnu/-/swc-linux-arm64-gnu-15.5.12.tgz#27b42c8fb19909d68ffe3eb8ebb855bdedb7bad0"
  integrity sha512-dCzAjqhDHwmoB2M4eYfVKqXs99QdQxNQVpftvP1eGVppamXh/OkDAwV737Zr0KPXEqRUMN4uCjh6mjO+XtF3Mw==

"@next/swc-linux-arm64-musl@15.5.12":
  version "15.5.12"
  resolved "https://registry.yarnpkg.com/@next/swc-linux-arm64-musl/-/swc-linux-arm64-musl-15.5.12.tgz#7a1d20944cb06973d62a213d909e29f7adcb8f6b"
  integrity sha512-+fpGWvQiITgf7PUtbWY1H7qUSnBZsPPLyyq03QuAKpVoTy/QUx1JptEDTQMVvQhvizCEuNLEeghrQUyXQOekuw==

"@next/swc-linux-x64-gnu@15.5.12":
  version "15.5.12"
  resolved "https://registry.yarnpkg.com/@next/swc-linux-x64-gnu/-/swc-linux-x64-gnu-15.5.12.tgz#5b900c32b1076f9498c11b13dc09316b87b82d95"
  integrity sha512-jSLvgdRRL/hrFAPqEjJf1fFguC719kmcptjNVDJl26BnJIpjL3KH5h6mzR4mAweociLQaqvt4UyzfbFjgAdDcw==

"@next/swc-linux-x64-musl@15.5.12":
  version "15.5.12"
  resolved "https://registry.yarnpkg.com/@next/swc-linux-x64-musl/-/swc-linux-x64-musl-15.5.12.tgz#48c3ae684a5e61feacaed6610e104477d62be4dc"
  integrity sha512-/uaF0WfmYqQgLfPmN6BvULwxY0dufI2mlN2JbOKqqceZh1G4hjREyi7pg03zjfyS6eqNemHAZPSoP84x17vo6w==

"@next/swc-win32-arm64-msvc@15.5.12":
  version "15.5.12"
  resolved "https://registry.yarnpkg.com/@next/swc-win32-arm64-msvc/-/swc-win32-arm64-msvc-15.5.12.tgz#b2a81848ded9538a11ca6d62b7a1f3d78a56edf5"
  integrity sha512-xhsL1OvQSfGmlL5RbOmU+FV120urrgFpYLq+6U8C6KIym32gZT6XF/SDE92jKzzlPWskkbjOKCpqk5m4i8PEfg==

"@next/swc-win32-x64-msvc@15.5.12":
  version "15.5.12"
  resolved "https://registry.yarnpkg.com/@next/swc-win32-x64-msvc/-/swc-win32-x64-msvc-15.5.12.tgz#c92f55638340f44e092254281307202c243fbd61"
  integrity sha512-Z1Dh6lhFkxvBDH1FoW6OU/L6prYwPSlwjLiZkExIAh8fbP6iI/M7iGTQAJPYJ9YFlWobCZ1PHbchFhFYb2ADkw==

"@react-three/drei@^10.0.0":
  version "10.7.7"
  resolved "https://registry.yarnpkg.com/@react-three/drei/-/drei-10.7.7.tgz#7ac029ace001307dfc71c61b6284b1c12efe8b80"
  integrity sha512-ff+J5iloR0k4tC++QtD/j9u3w5fzfgFAWDtAGQah9pF2B1YgOq/5JxqY0/aVoQG5r3xSZz0cv5tk2YuBob4xEQ==
  dependencies:
    "@babel/runtime" "^7.26.0"
    "@mediapipe/tasks-vision" "0.10.17"
    "@monogrid/gainmap-js" "^3.0.6"
    "@use-gesture/react" "^10.3.1"
    camera-controls "^3.1.0"
    cross-env "^7.0.3"
    detect-gpu "^5.0.56"
    glsl-noise "^0.0.0"
    hls.js "^1.5.17"
    maath "^0.10.8"
    meshline "^3.3.1"
    stats-gl "^2.2.8"
    stats.js "^0.17.0"
    suspend-react "^0.1.3"
    three-mesh-bvh "^0.8.3"
    three-stdlib "^2.35.6"
    troika-three-text "^0.52.4"
    tunnel-rat "^0.1.2"
    use-sync-external-store "^1.4.0"
    utility-types "^3.11.0"
    zustand "^5.0.1"

"@react-three/fiber@^9.0.0":
  version "9.5.0"
  resolved "https://registry.yarnpkg.com/@react-three/fiber/-/fiber-9.5.0.tgz#12bcccdd60949c39ffea53213bf26167e4c2932d"
  integrity sha512-FiUzfYW4wB1+PpmsE47UM+mCads7j2+giRBltfwH7SNhah95rqJs3ltEs9V3pP8rYdS0QlNne+9Aj8dS/SiaIA==
  dependencies:
    "@babel/runtime" "^7.17.8"
    "@types/webxr" "*"
    base64-js "^1.5.1"
    buffer "^6.0.3"
    its-fine "^2.0.0"
    react-use-measure "^2.1.7"
    scheduler "^0.27.0"
    suspend-react "^0.1.3"
    use-sync-external-store "^1.4.0"
    zustand "^5.0.3"

"@react-three/postprocessing@^3.0.4":
  version "3.0.4"
  resolved "https://registry.yarnpkg.com/@react-three/postprocessing/-/postprocessing-3.0.4.tgz#e2379eb0b953d1cc0c4b8ac94dc76256f4c07062"
  integrity sha512-e4+F5xtudDYvhxx3y0NtWXpZbwvQ0x1zdOXWTbXMK6fFLVDd4qucN90YaaStanZGS4Bd5siQm0lGL/5ogf8iDQ==
  dependencies:
    maath "^0.6.0"
    n8ao "^1.9.4"
    postprocessing "^6.36.6"

"@supabase/auth-js@2.99.3":
  version "2.99.3"
  resolved "https://registry.yarnpkg.com/@supabase/auth-js/-/auth-js-2.99.3.tgz#0339efde9180e8d3fddea2d562ebaccc055fe1ef"
  integrity sha512-vMEVLA1kGGYd/kdsJSwtjiFUZM1nGfrz2DWmgMBZtocV48qL+L2+4QpIkueXyBEumMQZFEyhz57i/5zGHjvdBw==
  dependencies:
    tslib "2.8.1"

"@supabase/functions-js@2.99.3":
  version "2.99.3"
  resolved "https://registry.yarnpkg.com/@supabase/functions-js/-/functions-js-2.99.3.tgz#f74d6d5e4f3280b514c6f8e13603a2eccd43c64b"
  integrity sha512-6tk2zrcBkzKaaBXPOG5nshn30uJNFGOH9LxOnE8i850eQmsX+jVm7vql9kTPyvUzEHwU4zdjSOkXS9M+9ukMVA==
  dependencies:
    tslib "2.8.1"

"@supabase/postgrest-js@2.99.3":
  version "2.99.3"
  resolved "https://registry.yarnpkg.com/@supabase/postgrest-js/-/postgrest-js-2.99.3.tgz#2871cce576ffc01d11832eac1db3ca55c89e1d9c"
  integrity sha512-8HxEf+zNycj7Z8+ONhhlu+7J7Ha+L6weyCtdEeK2mN5OWJbh6n4LPU4iuJ5UlCvvNnbSXMoutY7piITEEAgl2g==
  dependencies:
    tslib "2.8.1"

"@supabase/realtime-js@2.99.3":
  version "2.99.3"
  resolved "https://registry.yarnpkg.com/@supabase/realtime-js/-/realtime-js-2.99.3.tgz#c8680051f927021684781925937434219710146b"
  integrity sha512-c1azgZ2nZPczbY5k5u5iFrk1InpxN81IvNE+UBAkjrBz3yc5ALLJNkeTQwbJZT4PZBuYXEzqYGLMuh9fdTtTMg==
  dependencies:
    "@types/phoenix" "^1.6.6"
    "@types/ws" "^8.18.1"
    tslib "2.8.1"
    ws "^8.18.2"

"@supabase/storage-js@2.99.3":
  version "2.99.3"
  resolved "https://registry.yarnpkg.com/@supabase/storage-js/-/storage-js-2.99.3.tgz#894a1698b74867bb27d3fa1b6d75927af039251a"
  integrity sha512-lOfIm4hInNcd8x0i1LWphnLKxec42wwbjs+vhaVAvR801Vda0UAMbTooUY6gfqgQb8v29GofqKuQMMTAsl6w/w==
  dependencies:
    iceberg-js "^0.8.1"
    tslib "2.8.1"

"@supabase/supabase-js@^2.99.3":
  version "2.99.3"
  resolved "https://registry.yarnpkg.com/@supabase/supabase-js/-/supabase-js-2.99.3.tgz#61705fcdf1769930b4b46f9545d596a44fe9d9ea"
  integrity sha512-GuPbzoEaI51AkLw9VGhLNvnzw4PHbS3p8j2/JlvLeZNQMKwZw4aEYQIDBRtFwL5Nv7/275n9m4DHtakY8nCvgg==
  dependencies:
    "@supabase/auth-js" "2.99.3"
    "@supabase/functions-js" "2.99.3"
    "@supabase/postgrest-js" "2.99.3"
    "@supabase/realtime-js" "2.99.3"
    "@supabase/storage-js" "2.99.3"

"@swc/helpers@0.5.15":
  version "0.5.15"
  resolved "https://registry.yarnpkg.com/@swc/helpers/-/helpers-0.5.15.tgz#79efab344c5819ecf83a43f3f9f811fc84b516d7"
  integrity sha512-JQ5TuMi45Owi4/BIMAJBoSQoOJu12oOk/gADqlcUL9JEdHB8vyjUSsxqeNXnmXHjYKMi2WcYtezGEEhqUI/E2g==
  dependencies:
    tslib "^2.8.0"

"@tweenjs/tween.js@~23.1.3":
  version "23.1.3"
  resolved "https://registry.yarnpkg.com/@tweenjs/tween.js/-/tween.js-23.1.3.tgz#eff0245735c04a928bb19c026b58c2a56460539d"
  integrity sha512-vJmvvwFxYuGnF2axRtPYocag6Clbb5YS7kLL+SO/TeVFzHqDIWrNKYtcsPMibjDx9O+bu+psAy9NKfWklassUA==

"@types/draco3d@^1.4.0":
  version "1.4.10"
  resolved "https://registry.yarnpkg.com/@types/draco3d/-/draco3d-1.4.10.tgz#63ec0ba78b30bd58203ec031f4e4f0198c596dca"
  integrity sha512-AX22jp8Y7wwaBgAixaSvkoG4M/+PlAcm3Qs4OW8yT9DM4xUpWKeFhLueTAyZF39pviAdcDdeJoACapiAceqNcw==

"@types/node@*":
  version "25.5.0"
  resolved "https://registry.yarnpkg.com/@types/node/-/node-25.5.0.tgz#5c99f37c443d9ccc4985866913f1ed364217da31"
  integrity sha512-jp2P3tQMSxWugkCUKLRPVUpGaL5MVFwF8RDuSRztfwgN1wmqJeMSbKlnEtQqU8UrhTmzEmZdu2I6v2dpp7XIxw==
  dependencies:
    undici-types "~7.18.0"

"@types/node@^22.0.0":
  version "22.19.15"
  resolved "https://registry.yarnpkg.com/@types/node/-/node-22.19.15.tgz#6091d99fdf7c08cb57dc8b1345d407ba9a1df576"
  integrity sha512-F0R/h2+dsy5wJAUe3tAU6oqa2qbWY5TpNfL/RGmo1y38hiyO1w3x2jPtt76wmuaJI4DQnOBu21cNXQ2STIUUWg==
  dependencies:
    undici-types "~6.21.0"

"@types/offscreencanvas@^2019.6.4":
  version "2019.7.3"
  resolved "https://registry.yarnpkg.com/@types/offscreencanvas/-/offscreencanvas-2019.7.3.tgz#90267db13f64d6e9ccb5ae3eac92786a7c77a516"
  integrity sha512-ieXiYmgSRXUDeOntE1InxjWyvEelZGP63M+cGuquuRLuIKKT1osnkXjxev9B7d1nXSug5vpunx+gNlbVxMlC9A==

"@types/phoenix@^1.6.6":
  version "1.6.7"
  resolved "https://registry.yarnpkg.com/@types/phoenix/-/phoenix-1.6.7.tgz#75137b7ecf732ceaca284cf10c1552071cfff12f"
  integrity sha512-oN9ive//QSBkf19rfDv45M7eZPi0eEXylht2OLEXicu5b4KoQ1OzXIw+xDSGWxSxe1JmepRR/ZH283vsu518/Q==

"@types/react-dom@^19.0.0":
  version "19.2.3"
  resolved "https://registry.yarnpkg.com/@types/react-dom/-/react-dom-19.2.3.tgz#c1e305d15a52a3e508d54dca770d202cb63abf2c"
  integrity sha512-jp2L/eY6fn+KgVVQAOqYItbF0VY/YApe5Mz2F0aykSO8gx31bYCZyvSeYxCHKvzHG5eZjc+zyaS5BrBWya2+kQ==

"@types/react-reconciler@^0.28.9":
  version "0.28.9"
  resolved "https://registry.yarnpkg.com/@types/react-reconciler/-/react-reconciler-0.28.9.tgz#d24b4864c384e770c83275b3fe73fba00269c83b"
  integrity sha512-HHM3nxyUZ3zAylX8ZEyrDNd2XZOnQ0D5XfunJF5FLQnZbHHYq4UWvW1QfelQNXv1ICNkwYhfxjwfnqivYB6bFg==

"@types/react@^19.0.0":
  version "19.2.14"
  resolved "https://registry.yarnpkg.com/@types/react/-/react-19.2.14.tgz#39604929b5e3957e3a6fa0001dafb17c7af70bad"
  integrity sha512-ilcTH/UniCkMdtexkoCN0bI7pMcJDvmQFPvuPvmEaYA/NSfFTAgdUSLAoVjaRJm7+6PvcM+q1zYOwS4wTYMF9w==
  dependencies:
    csstype "^3.2.2"

"@types/stats.js@*":
  version "0.17.4"
  resolved "https://registry.yarnpkg.com/@types/stats.js/-/stats.js-0.17.4.tgz#1933e5ff153a23c7664487833198d685c22e791e"
  integrity sha512-jIBvWWShCvlBqBNIZt0KAshWpvSjhkwkEu4ZUcASoAvhmrgAUI2t1dXrjSL4xXVLB4FznPrIsX3nKXFl/Dt4vA==

"@types/three@*":
  version "0.183.1"
  resolved "https://registry.yarnpkg.com/@types/three/-/three-0.183.1.tgz#d812d028b38ad68843725e3e7bd3268607cef150"
  integrity sha512-f2Pu5Hrepfgavttdye3PsH5RWyY/AvdZQwIVhrc4uNtvF7nOWJacQKcoVJn0S4f0yYbmAE6AR+ve7xDcuYtMGw==
  dependencies:
    "@dimforge/rapier3d-compat" "~0.12.0"
    "@tweenjs/tween.js" "~23.1.3"
    "@types/stats.js" "*"
    "@types/webxr" ">=0.5.17"
    "@webgpu/types" "*"
    fflate "~0.8.2"
    meshoptimizer "~1.0.1"

"@types/three@^0.175.0":
  version "0.175.0"
  resolved "https://registry.yarnpkg.com/@types/three/-/three-0.175.0.tgz#dfb15b3e2d09a16c6e2fd8caeaf5c35f7b6d7e6a"
  integrity sha512-ldMSBgtZOZ3g9kJ3kOZSEtZIEITmJOzu8eKVpkhf036GuNkM4mt0NXecrjCn5tMm1OblOF7dZehlaDypBfNokw==
  dependencies:
    "@tweenjs/tween.js" "~23.1.3"
    "@types/stats.js" "*"
    "@types/webxr" "*"
    "@webgpu/types" "*"
    fflate "~0.8.2"
    meshoptimizer "~0.18.1"

"@types/webxr@*", "@types/webxr@>=0.5.17", "@types/webxr@^0.5.2":
  version "0.5.24"
  resolved "https://registry.yarnpkg.com/@types/webxr/-/webxr-0.5.24.tgz#734d5d90dadc5809a53e422726c60337fa2f4a44"
  integrity sha512-h8fgEd/DpoS9CBrjEQXR+dIDraopAEfu4wYVNY2tEPwk60stPWhvZMf4Foo5FakuQ7HFZoa8WceaWFervK2Ovg==

"@types/ws@^8.18.1":
  version "8.18.1"
  resolved "https://registry.yarnpkg.com/@types/ws/-/ws-8.18.1.tgz#48464e4bf2ddfd17db13d845467f6070ffea4aa9"
  integrity sha512-ThVF6DCVhA8kUGy+aazFQ4kXQ7E1Ty7A3ypFOe0IcJV8O/M511G99AW24irKrW56Wt44yG9+ij8FaqoBGkuBXg==
  dependencies:
    "@types/node" "*"

"@use-gesture/core@10.3.1":
  version "10.3.1"
  resolved "https://registry.yarnpkg.com/@use-gesture/core/-/core-10.3.1.tgz#976c9421e905f0079d49822cfd5c2e56b808fc56"
  integrity sha512-WcINiDt8WjqBdUXye25anHiNxPc0VOrlT8F6LLkU6cycrOGUDyY/yyFmsg3k8i5OLvv25llc0QC45GhR/C8llw==

"@use-gesture/react@^10.3.1":
  version "10.3.1"
  resolved "https://registry.yarnpkg.com/@use-gesture/react/-/react-10.3.1.tgz#17a743a894d9bd9a0d1980c618f37f0164469867"
  integrity sha512-Yy19y6O2GJq8f7CHf7L0nxL8bf4PZCPaVOCgJrusOeFHY1LvHgYXnmnXg6N5iwAnbgbZCDjo60SiM6IPJi9C5g==
  dependencies:
    "@use-gesture/core" "10.3.1"

"@webgpu/types@*":
  version "0.1.69"
  resolved "https://registry.yarnpkg.com/@webgpu/types/-/types-0.1.69.tgz#6b849bf370a1f29c78bd3aeba8e84c1150b237f2"
  integrity sha512-RPmm6kgRbI8e98zSD3RVACvnuktIja5+yLgDAkTmxLr90BEwdTXRQWNLF3ETTTyH/8mKhznZuN5AveXYFEsMGQ==

base64-js@^1.3.1, base64-js@^1.5.1:
  version "1.5.1"
  resolved "https://registry.yarnpkg.com/base64-js/-/base64-js-1.5.1.tgz#1b1b440160a5bf7ad40b650f095963481903930a"
  integrity sha512-AKpaYlHn8t4SVbOHCy+b5+KKgvR4vrsD8vbvrbiQJps7fKDTkjkDry6ji0rUJjC0kzbNePLwzxq8iypo41qeWA==

bidi-js@^1.0.2:
  version "1.0.3"
  resolved "https://registry.yarnpkg.com/bidi-js/-/bidi-js-1.0.3.tgz#6f8bcf3c877c4d9220ddf49b9bb6930c88f877d2"
  integrity sha512-RKshQI1R3YQ+n9YJz2QQ147P66ELpa1FQEg20Dk8oW9t2KgLbpDLLp9aGZ7y8WHSshDknG0bknqGw5/tyCs5tw==
  dependencies:
    require-from-string "^2.0.2"

buffer@^6.0.3:
  version "6.0.3"
  resolved "https://registry.yarnpkg.com/buffer/-/buffer-6.0.3.tgz#2ace578459cc8fbe2a70aaa8f52ee63b6a74c6c6"
  integrity sha512-FTiCpNxtwiZZHEZbcbTIcZjERVICn9yq/pDFkTl95/AxzD1naBctN7YO68riM/gLSDY7sdrMby8hofADYuuqOA==
  dependencies:
    base64-js "^1.3.1"
    ieee754 "^1.2.1"

camera-controls@^3.1.0:
  version "3.1.2"
  resolved "https://registry.yarnpkg.com/camera-controls/-/camera-controls-3.1.2.tgz#fb504fa77ade929aa75c22ba42d0b53f48a81e44"
  integrity sha512-xkxfpG2ECZ6Ww5/9+kf4mfg1VEYAoe9aDSY+IwF0UEs7qEzwy0aVRfs2grImIECs/PoBtWFrh7RXsQkwG922JA==

caniuse-lite@^1.0.30001579:
  version "1.0.30001777"
  resolved "https://registry.yarnpkg.com/caniuse-lite/-/caniuse-lite-1.0.30001777.tgz#028f21e4b2718d138b55e692583e6810ccf60691"
  integrity sha512-tmN+fJxroPndC74efCdp12j+0rk0RHwV5Jwa1zWaFVyw2ZxAuPeG8ZgWC3Wz7uSjT3qMRQ5XHZ4COgQmsCMJAQ==

client-only@0.0.1:
  version "0.0.1"
  resolved "https://registry.yarnpkg.com/client-only/-/client-only-0.0.1.tgz#38bba5d403c41ab150bff64a95c85013cf73bca1"
  integrity sha512-IV3Ou0jSMzZrd3pZ48nLkT9DA7Ag1pnPzaiQhpW7c3RbcqqzvzzVu+L8gfqMp/8IM2MQtSiqaCxrrcfu8I8rMA==

cross-env@^7.0.3:
  version "7.0.3"
  resolved "https://registry.yarnpkg.com/cross-env/-/cross-env-7.0.3.tgz#865264b29677dc015ba8418918965dd232fc54cf"
  integrity sha512-+/HKd6EgcQCJGh2PSjZuUitQBQynKor4wrFbRg4DtAgS1aWO+gU52xpH7M9ScGgXSYmAVS9bIJ8EzuaGw0oNAw==
  dependencies:
    cross-spawn "^7.0.1"

cross-spawn@^7.0.1:
  version "7.0.6"
  resolved "https://registry.yarnpkg.com/cross-spawn/-/cross-spawn-7.0.6.tgz#8a58fe78f00dcd70c370451759dfbfaf03e8ee9f"
  integrity sha512-uV2QOWP2nWzsy2aMp8aRibhi9dlzF5Hgh5SHaB9OiTGEyDTiJJyx0uy51QXdyWbtAHNua4XJzUKca3OzKUd3vA==
  dependencies:
    path-key "^3.1.0"
    shebang-command "^2.0.0"
    which "^2.0.1"

csstype@^3.2.2:
  version "3.2.3"
  resolved "https://registry.yarnpkg.com/csstype/-/csstype-3.2.3.tgz#ec48c0f3e993e50648c86da559e2610995cf989a"
  integrity sha512-z1HGKcYy2xA8AGQfwrn0PAy+PB7X/GSj3UVJW9qKyn43xWa+gl5nXmU4qqLMRzWVLFC8KusUX8T/0kCiOYpAIQ==

detect-gpu@^5.0.56:
  version "5.0.70"
  resolved "https://registry.yarnpkg.com/detect-gpu/-/detect-gpu-5.0.70.tgz#db2202d3cd440714ba6e789ff8b62d1b584eabf7"
  integrity sha512-bqerEP1Ese6nt3rFkwPnGbsUF9a4q+gMmpTVVOEzoCyeCc+y7/RvJnQZJx1JwhgQI5Ntg0Kgat8Uu7XpBqnz1w==
  dependencies:
    webgl-constants "^1.1.1"

detect-libc@^2.1.2:
  version "2.1.2"
  resolved "https://registry.yarnpkg.com/detect-libc/-/detect-libc-2.1.2.tgz#689c5dcdc1900ef5583a4cb9f6d7b473742074ad"
  integrity sha512-Btj2BOOO83o3WyH59e8MgXsxEQVcarkUOpEYrubB0urwnN10yQ364rsiByU11nZlqWYZm05i/of7io4mzihBtQ==

draco3d@^1.4.1:
  version "1.5.7"
  resolved "https://registry.yarnpkg.com/draco3d/-/draco3d-1.5.7.tgz#94f9bce293eb8920c159dc91a4ce9124a9e899e0"
  integrity sha512-m6WCKt/erDXcw+70IJXnG7M3awwQPAsZvJGX5zY7beBqpELw6RDGkYVU0W43AFxye4pDZ5i2Lbyc/NNGqwjUVQ==

fflate@^0.6.9:
  version "0.6.10"
  resolved "https://registry.yarnpkg.com/fflate/-/fflate-0.6.10.tgz#5f40f9659205936a2d18abf88b2e7781662b6d43"
  integrity sha512-IQrh3lEPM93wVCEczc9SaAOvkmcoQn/G8Bo1e8ZPlY3X3bnAxWaBdvTdvM1hP62iZp0BXWDy4vTAy4fF0+Dlpg==

fflate@~0.8.2:
  version "0.8.2"
  resolved "https://registry.yarnpkg.com/fflate/-/fflate-0.8.2.tgz#fc8631f5347812ad6028bbe4a2308b2792aa1dea"
  integrity sha512-cPJU47OaAoCbg0pBvzsgpTPhmhqI5eJjh/JIu8tPj5q+T7iLvW/JAYUqmE7KOB4R1ZyEhzBaIQpQpardBF5z8A==

glsl-noise@^0.0.0:
  version "0.0.0"
  resolved "https://registry.yarnpkg.com/glsl-noise/-/glsl-noise-0.0.0.tgz#367745f3a33382c0eeec4cb54b7e99cfc1d7670b"
  integrity sha512-b/ZCF6amfAUb7dJM/MxRs7AetQEahYzJ8PtgfrmEdtw6uyGOr+ZSGtgjFm6mfsBkxJ4d2W7kg+Nlqzqvn3Bc0w==

hls.js@^1.5.17:
  version "1.6.15"
  resolved "https://registry.yarnpkg.com/hls.js/-/hls.js-1.6.15.tgz#9ce13080d143a9bc9b903fb43f081e335b8321e5"
  integrity sha512-E3a5VwgXimGHwpRGV+WxRTKeSp2DW5DI5MWv34ulL3t5UNmyJWCQ1KmLEHbYzcfThfXG8amBL+fCYPneGHC4VA==

iceberg-js@^0.8.1:
  version "0.8.1"
  resolved "https://registry.yarnpkg.com/iceberg-js/-/iceberg-js-0.8.1.tgz#47d893468293a010385e1c70123f29d0fc1d9912"
  integrity sha512-1dhVQZXhcHje7798IVM+xoo/1ZdVfzOMIc8/rgVSijRK38EDqOJoGula9N/8ZI5RD8QTxNQtK/Gozpr+qUqRRA==

ieee754@^1.2.1:
  version "1.2.1"
  resolved "https://registry.yarnpkg.com/ieee754/-/ieee754-1.2.1.tgz#8eb7a10a63fff25d15a57b001586d177d1b0d352"
  integrity sha512-dcyqhDvX1C46lXZcVqCpK+FtMRQVdIMN6/Df5js2zouUsqG7I6sFxitIC+7KYK29KdXOLHdu9zL4sFnoVQnqaA==

immediate@~3.0.5:
  version "3.0.6"
  resolved "https://registry.yarnpkg.com/immediate/-/immediate-3.0.6.tgz#9db1dbd0faf8de6fbe0f5dd5e56bb606280de69b"
  integrity sha512-XXOFtyqDjNDAQxVfYxuF7g9Il/IbWmmlQg2MYKOH8ExIT1qg6xc4zyS3HaEEATgs1btfzxq15ciUiY7gjSXRGQ==

is-promise@^2.1.0:
  version "2.2.2"
  resolved "https://registry.yarnpkg.com/is-promise/-/is-promise-2.2.2.tgz#39ab959ccbf9a774cf079f7b40c7a26f763135f1"
  integrity sha512-+lP4/6lKUBfQjZ2pdxThZvLUAafmZb8OAxFb8XXtiQmS35INgr85hdOGoEs124ez1FCnZJt6jau/T+alh58QFQ==

isexe@^2.0.0:
  version "2.0.0"
  resolved "https://registry.yarnpkg.com/isexe/-/isexe-2.0.0.tgz#e8fbf374dc556ff8947a10dcb0572d633f2cfa10"
  integrity sha512-RHxMLp9lnKHGHRng9QFhRCMbYAcVpn69smSGcq3f36xjgVVWThj4qqLbTLlq7Ssj8B+fIQ1EuCEGI2lKsyQeIw==

its-fine@^2.0.0:
  version "2.0.0"
  resolved "https://registry.yarnpkg.com/its-fine/-/its-fine-2.0.0.tgz#a90b18a3ee4c211a1fb6faac2abcc2b682ce1f21"
  integrity sha512-KLViCmWx94zOvpLwSlsx6yOCeMhZYaxrJV87Po5k/FoZzcPSahvK5qJ7fYhS61sZi5ikmh2S3Hz55A2l3U69ng==
  dependencies:
    "@types/react-reconciler" "^0.28.9"

lie@^3.0.2:
  version "3.3.0"
  resolved "https://registry.yarnpkg.com/lie/-/lie-3.3.0.tgz#dcf82dee545f46074daf200c7c1c5a08e0f40f6a"
  integrity sha512-UaiMJzeWRlEujzAuw5LokY1L5ecNQYZKfmyZ9L7wDHb/p5etKaxXhohBcrw0EYby+G/NA52vRSN4N39dxHAIwQ==
  dependencies:
    immediate "~3.0.5"

maath@^0.10.8:
  version "0.10.8"
  resolved "https://registry.yarnpkg.com/maath/-/maath-0.10.8.tgz#cf647544430141bf6982da6e878abb6c4b804e24"
  integrity sha512-tRvbDF0Pgqz+9XUa4jjfgAQ8/aPKmQdWXilFu2tMy4GWj4NOsx99HlULO4IeREfbO3a0sA145DZYyvXPkybm0g==

maath@^0.6.0:
  version "0.6.0"
  resolved "https://registry.yarnpkg.com/maath/-/maath-0.6.0.tgz#7841d0fb95bbb37d19b08b7c5458ef70190950d2"
  integrity sha512-dSb2xQuP7vDnaYqfoKzlApeRcR2xtN8/f7WV/TMAkBC8552TwTLtOO0JTcSygkYMjNDPoo6V01jTw/aPi4JrMw==

meshline@^3.3.1:
  version "3.3.1"
  resolved "https://registry.yarnpkg.com/meshline/-/meshline-3.3.1.tgz#20decfd5cdd25c8469e862ddf0ab1ad167759734"
  integrity sha512-/TQj+JdZkeSUOl5Mk2J7eLcYTLiQm2IDzmlSvYm7ov15anEcDJ92GHqqazxTSreeNgfnYu24kiEvvv0WlbCdFQ==

meshoptimizer@~0.18.1:
  version "0.18.1"
  resolved "https://registry.yarnpkg.com/meshoptimizer/-/meshoptimizer-0.18.1.tgz#cdb90907f30a7b5b1190facd3b7ee6b7087797d8"
  integrity sha512-ZhoIoL7TNV4s5B6+rx5mC//fw8/POGyNxS/DZyCJeiZ12ScLfVwRE/GfsxwiTkMYYD5DmK2/JXnEVXqL4rF+Sw==

meshoptimizer@~1.0.1:
  version "1.0.1"
  resolved "https://registry.yarnpkg.com/meshoptimizer/-/meshoptimizer-1.0.1.tgz#c3ef0d509a8b84ac562493dba5a108fd67fa76dc"
  integrity sha512-Vix+QlA1YYT3FwmBBZ+49cE5y/b+pRrcXKqGpS5ouh33d3lSp2PoTpCw19E0cKDFWalembrHnIaZetf27a+W2g==

n8ao@^1.9.4:
  version "1.10.1"
  resolved "https://registry.yarnpkg.com/n8ao/-/n8ao-1.10.1.tgz#7a704cf8a7d02a96db1b3715bd6fbf0a97bb2cce"
  integrity sha512-hhI1pC+BfOZBV1KMwynBrVlIm8wqLxj/abAWhF2nZ0qQKyzTSQa1QtLVS2veRiuoBQXojxobcnp0oe+PUoxf/w==

nanoid@^3.3.6:
  version "3.3.11"
  resolved "https://registry.yarnpkg.com/nanoid/-/nanoid-3.3.11.tgz#4f4f112cefbe303202f2199838128936266d185b"
  integrity sha512-N8SpfPUnUp1bK+PMYW8qSWdl9U+wwNWI4QKxOYDy9JAro3WMX7p2OeVRF9v+347pnakNevPmiHhNmZ2HbFA76w==

next@^15.3.0:
  version "15.5.12"
  resolved "https://registry.yarnpkg.com/next/-/next-15.5.12.tgz#af68c24b6f5535fcf37dbb913194db02c4d0a3ec"
  integrity sha512-Fi/wQ4Etlrn60rz78bebG1i1SR20QxvV8tVp6iJspjLUSHcZoeUXCt+vmWoEcza85ElZzExK/jJ/F6SvtGktjA==
  dependencies:
    "@next/env" "15.5.12"
    "@swc/helpers" "0.5.15"
    caniuse-lite "^1.0.30001579"
    postcss "8.4.31"
    styled-jsx "5.1.6"
  optionalDependencies:
    "@next/swc-darwin-arm64" "15.5.12"
    "@next/swc-darwin-x64" "15.5.12"
    "@next/swc-linux-arm64-gnu" "15.5.12"
    "@next/swc-linux-arm64-musl" "15.5.12"
    "@next/swc-linux-x64-gnu" "15.5.12"
    "@next/swc-linux-x64-musl" "15.5.12"
    "@next/swc-win32-arm64-msvc" "15.5.12"
    "@next/swc-win32-x64-msvc" "15.5.12"
    sharp "^0.34.3"

path-key@^3.1.0:
  version "3.1.1"
  resolved "https://registry.yarnpkg.com/path-key/-/path-key-3.1.1.tgz#581f6ade658cbba65a0d3380de7753295054f375"
  integrity sha512-ojmeN0qd+y0jszEtoY48r0Peq5dwMEkIlCOu6Q5f41lfkswXuKtYrhgoTpLnyIcHm24Uhqx+5Tqm2InSwLhE6Q==

picocolors@^1.0.0:
  version "1.1.1"
  resolved "https://registry.yarnpkg.com/picocolors/-/picocolors-1.1.1.tgz#3d321af3eab939b083c8f929a1d12cda81c26b6b"
  integrity sha512-xceH2snhtb5M9liqDsmEw56le376mTZkEX/jEb/RxNFyegNul7eNslCXP9FDj/Lcu0X8KEyMceP2ntpaHrDEVA==

postcss@8.4.31:
  version "8.4.31"
  resolved "https://registry.yarnpkg.com/postcss/-/postcss-8.4.31.tgz#92b451050a9f914da6755af352bdc0192508656d"
  integrity sha512-PS08Iboia9mts/2ygV3eLpY5ghnUcfLV/EXTOW1E2qYxJKGGBUtNjN76FYHnMs36RmARn41bC0AZmn+rR0OVpQ==
  dependencies:
    nanoid "^3.3.6"
    picocolors "^1.0.0"
    source-map-js "^1.0.2"

postprocessing@^6.36.6:
  version "6.38.3"
  resolved "https://registry.yarnpkg.com/postprocessing/-/postprocessing-6.38.3.tgz#f3273c0fedb318fab088fc10a34737c0155715b0"
  integrity sha512-5qCFp8j62nWL6sSVv/RKuHscQUIV+VMMgWeHLYZQEBpAk7G+r3jA3bSKON7gZjiuxdZ/F4PXj2Jc1oPh/7Eg+g==

potpack@^1.0.1:
  version "1.0.2"
  resolved "https://registry.yarnpkg.com/potpack/-/potpack-1.0.2.tgz#23b99e64eb74f5741ffe7656b5b5c4ddce8dfc14"
  integrity sha512-choctRBIV9EMT9WGAZHn3V7t0Z2pMQyl0EZE6pFc/6ml3ssw7Dlf/oAOvFwjm1HVsqfQN8GfeFyJ+d8tRzqueQ==

promise-worker-transferable@^1.0.4:
  version "1.0.4"
  resolved "https://registry.yarnpkg.com/promise-worker-transferable/-/promise-worker-transferable-1.0.4.tgz#2c72861ba053e5ae42b487b4a83b1ed3ae3786e8"
  integrity sha512-bN+0ehEnrXfxV2ZQvU2PetO0n4gqBD4ulq3MI1WOPLgr7/Mg9yRQkX5+0v1vagr74ZTsl7XtzlaYDo2EuCeYJw==
  dependencies:
    is-promise "^2.1.0"
    lie "^3.0.2"

react-dom@^19.0.0:
  version "19.2.4"
  resolved "https://registry.yarnpkg.com/react-dom/-/react-dom-19.2.4.tgz#6fac6bd96f7db477d966c7ec17c1a2b1ad8e6591"
  integrity sha512-AXJdLo8kgMbimY95O2aKQqsz2iWi9jMgKJhRBAxECE4IFxfcazB2LmzloIoibJI3C12IlY20+KFaLv+71bUJeQ==
  dependencies:
    scheduler "^0.27.0"

react-use-measure@^2.1.7:
  version "2.1.7"
  resolved "https://registry.yarnpkg.com/react-use-measure/-/react-use-measure-2.1.7.tgz#36b8a2e7fd2fa58109ab851b3addcb0aad66ad1d"
  integrity sha512-KrvcAo13I/60HpwGO5jpW7E9DfusKyLPLvuHlUyP5zqnmAPhNc6qTRjUQrdTADl0lpPpDVU2/Gg51UlOGHXbdg==

react@^19.0.0:
  version "19.2.4"
  resolved "https://registry.yarnpkg.com/react/-/react-19.2.4.tgz#438e57baa19b77cb23aab516cf635cd0579ee09a"
  integrity sha512-9nfp2hYpCwOjAN+8TZFGhtWEwgvWHXqESH8qT89AT/lWklpLON22Lc8pEtnpsZz7VmawabSU0gCjnj8aC0euHQ==

require-from-string@^2.0.2:
  version "2.0.2"
  resolved "https://registry.yarnpkg.com/require-from-string/-/require-from-string-2.0.2.tgz#89a7fdd938261267318eafe14f9c32e598c36909"
  integrity sha512-Xf0nWe6RseziFMu+Ap9biiUbmplq6S9/p+7w7YXP/JBHhrUDDUhwa+vANyubuqfZWTveU//DYVGsDG7RKL/vEw==

scheduler@^0.27.0:
  version "0.27.0"
  resolved "https://registry.yarnpkg.com/scheduler/-/scheduler-0.27.0.tgz#0c4ef82d67d1e5c1e359e8fc76d3a87f045fe5bd"
  integrity sha512-eNv+WrVbKu1f3vbYJT/xtiF5syA5HPIMtf9IgY/nKg0sWqzAUEvqY/xm7OcZc/qafLx/iO9FgOmeSAp4v5ti/Q==

semver@^7.7.3:
  version "7.7.4"
  resolved "https://registry.yarnpkg.com/semver/-/semver-7.7.4.tgz#28464e36060e991fa7a11d0279d2d3f3b57a7e8a"
  integrity sha512-vFKC2IEtQnVhpT78h1Yp8wzwrf8CM+MzKMHGJZfBtzhZNycRFnXsHk6E5TxIkkMsgNS7mdX3AGB7x2QM2di4lA==

sharp@^0.34.3:
  version "0.34.5"
  resolved "https://registry.yarnpkg.com/sharp/-/sharp-0.34.5.tgz#b6f148e4b8c61f1797bde11a9d1cfebbae2c57b0"
  integrity sha512-Ou9I5Ft9WNcCbXrU9cMgPBcCK8LiwLqcbywW3t4oDV37n1pzpuNLsYiAV8eODnjbtQlSDwZ2cUEeQz4E54Hltg==
  dependencies:
    "@img/colour" "^1.0.0"
    detect-libc "^2.1.2"
    semver "^7.7.3"
  optionalDependencies:
    "@img/sharp-darwin-arm64" "0.34.5"
    "@img/sharp-darwin-x64" "0.34.5"
    "@img/sharp-libvips-darwin-arm64" "1.2.4"
    "@img/sharp-libvips-darwin-x64" "1.2.4"
    "@img/sharp-libvips-linux-arm" "1.2.4"
    "@img/sharp-libvips-linux-arm64" "1.2.4"
    "@img/sharp-libvips-linux-ppc64" "1.2.4"
    "@img/sharp-libvips-linux-riscv64" "1.2.4"
    "@img/sharp-libvips-linux-s390x" "1.2.4"
    "@img/sharp-libvips-linux-x64" "1.2.4"
    "@img/sharp-libvips-linuxmusl-arm64" "1.2.4"
    "@img/sharp-libvips-linuxmusl-x64" "1.2.4"
    "@img/sharp-linux-arm" "0.34.5"
    "@img/sharp-linux-arm64" "0.34.5"
    "@img/sharp-linux-ppc64" "0.34.5"
    "@img/sharp-linux-riscv64" "0.34.5"
    "@img/sharp-linux-s390x" "0.34.5"
    "@img/sharp-linux-x64" "0.34.5"
    "@img/sharp-linuxmusl-arm64" "0.34.5"
    "@img/sharp-linuxmusl-x64" "0.34.5"
    "@img/sharp-wasm32" "0.34.5"
    "@img/sharp-win32-arm64" "0.34.5"
    "@img/sharp-win32-ia32" "0.34.5"
    "@img/sharp-win32-x64" "0.34.5"

shebang-command@^2.0.0:
  version "2.0.0"
  resolved "https://registry.yarnpkg.com/shebang-command/-/shebang-command-2.0.0.tgz#ccd0af4f8835fbdc265b82461aaf0c36663f34ea"
  integrity sha512-kHxr2zZpYtdmrN1qDjrrX/Z1rR1kG8Dx+gkpK1G4eXmvXswmcE1hTWBWYUzlraYw1/yZp6YuDY77YtvbN0dmDA==
  dependencies:
    shebang-regex "^3.0.0"

shebang-regex@^3.0.0:
  version "3.0.0"
  resolved "https://registry.yarnpkg.com/shebang-regex/-/shebang-regex-3.0.0.tgz#ae16f1644d873ecad843b0307b143362d4c42172"
  integrity sha512-7++dFhtcx3353uBaq8DDR4NuxBetBzC7ZQOhmTQInHEd6bSrXdiEyzCvG07Z44UYdLShWUyXt5M/yhz8ekcb1A==

source-map-js@^1.0.2:
  version "1.2.1"
  resolved "https://registry.yarnpkg.com/source-map-js/-/source-map-js-1.2.1.tgz#1ce5650fddd87abc099eda37dcff024c2667ae46"
  integrity sha512-UXWMKhLOwVKb728IUtQPXxfYU+usdybtUrK/8uGE8CQMvrhOpwvzDBwj0QhSL7MQc7vIsISBG8VQ8+IDQxpfQA==

stats-gl@^2.2.8:
  version "2.4.2"
  resolved "https://registry.yarnpkg.com/stats-gl/-/stats-gl-2.4.2.tgz#28a6c869fc3a36a8be608ef21df63c0aad99d1ba"
  integrity sha512-g5O9B0hm9CvnM36+v7SFl39T7hmAlv541tU81ME8YeSb3i1CIP5/QdDeSB3A0la0bKNHpxpwxOVRo2wFTYEosQ==
  dependencies:
    "@types/three" "*"
    three "^0.170.0"

stats.js@^0.17.0:
  version "0.17.0"
  resolved "https://registry.yarnpkg.com/stats.js/-/stats.js-0.17.0.tgz#b1c3dc46d94498b578b7fd3985b81ace7131cc7d"
  integrity sha512-hNKz8phvYLPEcRkeG1rsGmV5ChMjKDAWU7/OJJdDErPBNChQXxCo3WZurGpnWc6gZhAzEPFad1aVgyOANH1sMw==

styled-jsx@5.1.6:
  version "5.1.6"
  resolved "https://registry.yarnpkg.com/styled-jsx/-/styled-jsx-5.1.6.tgz#83b90c077e6c6a80f7f5e8781d0f311b2fe41499"
  integrity sha512-qSVyDTeMotdvQYoHWLNGwRFJHC+i+ZvdBRYosOFgC+Wg1vx4frN2/RG/NA7SYqqvKNLf39P2LSRA2pu6n0XYZA==
  dependencies:
    client-only "0.0.1"

suspend-react@^0.1.3:
  version "0.1.3"
  resolved "https://registry.yarnpkg.com/suspend-react/-/suspend-react-0.1.3.tgz#a52f49d21cfae9a2fb70bd0c68413d3f9d90768e"
  integrity sha512-aqldKgX9aZqpoDp3e8/BZ8Dm7x1pJl+qI3ZKxDN0i/IQTWUwBx/ManmlVJ3wowqbno6c2bmiIfs+Um6LbsjJyQ==

three-mesh-bvh@^0.8.3:
  version "0.8.3"
  resolved "https://registry.yarnpkg.com/three-mesh-bvh/-/three-mesh-bvh-0.8.3.tgz#c5e72472e7f062ff79084157a25c122d73184163"
  integrity sha512-4G5lBaF+g2auKX3P0yqx+MJC6oVt6sB5k+CchS6Ob0qvH0YIhuUk1eYr7ktsIpY+albCqE80/FVQGV190PmiAg==

three-stdlib@^2.35.6:
  version "2.36.1"
  resolved "https://registry.yarnpkg.com/three-stdlib/-/three-stdlib-2.36.1.tgz#7aad805f3de1b8f792274226132bda809fcb15c5"
  integrity sha512-XyGQrFmNQ5O/IoKm556ftwKsBg11TIb301MB5dWNicziQBEs2g3gtOYIf7pFiLa0zI2gUwhtCjv9fmjnxKZ1Cg==
  dependencies:
    "@types/draco3d" "^1.4.0"
    "@types/offscreencanvas" "^2019.6.4"
    "@types/webxr" "^0.5.2"
    draco3d "^1.4.1"
    fflate "^0.6.9"
    potpack "^1.0.1"

three@^0.170.0:
  version "0.170.0"
  resolved "https://registry.yarnpkg.com/three/-/three-0.170.0.tgz#6087f97aab79e9e9312f9c89fcef6808642dfbb7"
  integrity sha512-FQK+LEpYc0fBD+J8g6oSEyyNzjp+Q7Ks1C568WWaoMRLW+TkNNWmenWeGgJjV105Gd+p/2ql1ZcjYvNiPZBhuQ==

three@^0.175.0:
  version "0.175.0"
  resolved "https://registry.yarnpkg.com/three/-/three-0.175.0.tgz#67b357b0b1ee8ef0445b9a768f59363ab1fa7921"
  integrity sha512-nNE3pnTHxXN/Phw768u0Grr7W4+rumGg/H6PgeseNJojkJtmeHJfZWi41Gp2mpXl1pg1pf1zjwR4McM1jTqkpg==

troika-three-text@^0.52.4:
  version "0.52.4"
  resolved "https://registry.yarnpkg.com/troika-three-text/-/troika-three-text-0.52.4.tgz#f7b2389a2067d9506a5757457771cf4f6356e738"
  integrity sha512-V50EwcYGruV5rUZ9F4aNsrytGdKcXKALjEtQXIOBfhVoZU9VAqZNIoGQ3TMiooVqFAbR1w15T+f+8gkzoFzawg==
  dependencies:
    bidi-js "^1.0.2"
    troika-three-utils "^0.52.4"
    troika-worker-utils "^0.52.0"
    webgl-sdf-generator "1.1.1"

troika-three-utils@^0.52.4:
  version "0.52.4"
  resolved "https://registry.yarnpkg.com/troika-three-utils/-/troika-three-utils-0.52.4.tgz#9292019e93cab97582af1cf491c4c895e5c03b66"
  integrity sha512-NORAStSVa/BDiG52Mfudk4j1FG4jC4ILutB3foPnfGbOeIs9+G5vZLa0pnmnaftZUGm4UwSoqEpWdqvC7zms3A==

troika-worker-utils@^0.52.0:
  version "0.52.0"
  resolved "https://registry.yarnpkg.com/troika-worker-utils/-/troika-worker-utils-0.52.0.tgz#ba5525fc444345006ebab0bc9cabdd66f1561e66"
  integrity sha512-W1CpvTHykaPH5brv5VHLfQo9D1OYuo0cSBEUQFFT/nBUzM8iD6Lq2/tgG/f1OelbAS1WtaTPQzE5uM49egnngw==

tslib@2.8.1, tslib@^2.4.0, tslib@^2.8.0:
  version "2.8.1"
  resolved "https://registry.yarnpkg.com/tslib/-/tslib-2.8.1.tgz#612efe4ed235d567e8aba5f2a5fab70280ade83f"
  integrity sha512-oJFu94HQb+KVduSUQL7wnpmqnfmLsOA/nAh6b6EH0wCEoK0/mPeXU6c3wKDV83MkOuHPRHtSXKKU99IBazS/2w==

tunnel-rat@^0.1.2:
  version "0.1.2"
  resolved "https://registry.yarnpkg.com/tunnel-rat/-/tunnel-rat-0.1.2.tgz#1717efbc474ea2d8aa05a91622457a6e201c0aeb"
  integrity sha512-lR5VHmkPhzdhrM092lI2nACsLO4QubF0/yoOhzX7c+wIpbN1GjHNzCc91QlpxBi+cnx8vVJ+Ur6vL5cEoQPFpQ==
  dependencies:
    zustand "^4.3.2"

typescript@^5.7.0:
  version "5.9.3"
  resolved "https://registry.yarnpkg.com/typescript/-/typescript-5.9.3.tgz#5b4f59e15310ab17a216f5d6cf53ee476ede670f"
  integrity sha512-jl1vZzPDinLr9eUt3J/t7V6FgNEw9QjvBPdysz9KfQDD41fQrC2Y4vKQdiaUpFT4bXlb1RHhLpp8wtm6M5TgSw==

undici-types@~6.21.0:
  version "6.21.0"
  resolved "https://registry.yarnpkg.com/undici-types/-/undici-types-6.21.0.tgz#691d00af3909be93a7faa13be61b3a5b50ef12cb"
  integrity sha512-iwDZqg0QAGrg9Rav5H4n0M64c3mkR59cJ6wQp+7C4nI0gsmExaedaYLNO44eT4AtBBwjbTiGPMlt2Md0T9H9JQ==

undici-types@~7.18.0:
  version "7.18.2"
  resolved "https://registry.yarnpkg.com/undici-types/-/undici-types-7.18.2.tgz#29357a89e7b7ca4aef3bf0fd3fd0cd73884229e9"
  integrity sha512-AsuCzffGHJybSaRrmr5eHr81mwJU3kjw6M+uprWvCXiNeN9SOGwQ3Jn8jb8m3Z6izVgknn1R0FTCEAP2QrLY/w==

use-sync-external-store@^1.2.2, use-sync-external-store@^1.4.0:
  version "1.6.0"
  resolved "https://registry.yarnpkg.com/use-sync-external-store/-/use-sync-external-store-1.6.0.tgz#b174bfa65cb2b526732d9f2ac0a408027876f32d"
  integrity sha512-Pp6GSwGP/NrPIrxVFAIkOQeyw8lFenOHijQWkUTrDvrF4ALqylP2C/KCkeS9dpUM3KvYRQhna5vt7IL95+ZQ9w==

utility-types@^3.11.0:
  version "3.11.0"
  resolved "https://registry.yarnpkg.com/utility-types/-/utility-types-3.11.0.tgz#607c40edb4f258915e901ea7995607fdf319424c"
  integrity sha512-6Z7Ma2aVEWisaL6TvBCy7P8rm2LQoPv6dJ7ecIaIixHcwfbJ0x7mWdbcwlIM5IGQxPZSFYeqRCqlOOeKoJYMkw==

webgl-constants@^1.1.1:
  version "1.1.1"
  resolved "https://registry.yarnpkg.com/webgl-constants/-/webgl-constants-1.1.1.tgz#f9633ee87fea56647a60b9ce735cbdfb891c6855"
  integrity sha512-LkBXKjU5r9vAW7Gcu3T5u+5cvSvh5WwINdr0C+9jpzVB41cjQAP5ePArDtk/WHYdVj0GefCgM73BA7FlIiNtdg==

webgl-sdf-generator@1.1.1:
  version "1.1.1"
  resolved "https://registry.yarnpkg.com/webgl-sdf-generator/-/webgl-sdf-generator-1.1.1.tgz#3e1b422b3d87cd3cc77f2602c9db63bc0f6accbd"
  integrity sha512-9Z0JcMTFxeE+b2x1LJTdnaT8rT8aEp7MVxkNwoycNmJWwPdzoXzMh0BjJSh/AEFP+KPYZUli814h8bJZFIZ2jA==

which@^2.0.1:
  version "2.0.2"
  resolved "https://registry.yarnpkg.com/which/-/which-2.0.2.tgz#7c6a8dd0a636a0327e10b59c9286eee93f3f51b1"
  integrity sha512-BLI3Tl1TW3Pvl70l3yq3Y64i+awpwXqsGBYWkkqMtnbXgrMD+yj7rhW0kuEDxzJaYXGjEW5ogapKNMEKNMjibA==
  dependencies:
    isexe "^2.0.0"

ws@^8.18.2:
  version "8.20.0"
  resolved "https://registry.yarnpkg.com/ws/-/ws-8.20.0.tgz#4cd9532358eba60bc863aad1623dfb045a4d4af8"
  integrity sha512-sAt8BhgNbzCtgGbt2OxmpuryO63ZoDk/sqaB/znQm94T4fCEsy/yV+7CdC1kJhOU9lboAEU7R3kquuycDoibVA==

zustand@^4.3.2:
  version "4.5.7"
  resolved "https://registry.yarnpkg.com/zustand/-/zustand-4.5.7.tgz#7d6bb2026a142415dd8be8891d7870e6dbe65f55"
  integrity sha512-CHOUy7mu3lbD6o6LJLfllpjkzhHXSBlX8B9+qPddUsIfeF5S/UZ5q0kmCsnRqT1UHFQZchNFDDzMbQsuesHWlw==
  dependencies:
    use-sync-external-store "^1.2.2"

zustand@^5.0.0, zustand@^5.0.1, zustand@^5.0.3:
  version "5.0.11"
  resolved "https://registry.yarnpkg.com/zustand/-/zustand-5.0.11.tgz#99f912e590de1ca9ce6c6d1cab6cdb1f034ab494"
  integrity sha512-fdZY+dk7zn/vbWNCYmzZULHRrss0jx5pPFiOuMZ/5HJN6Yv3u+1Wswy/4MpZEkEGhtNH+pwxZB8OKgUBPzYAGg==
